<?xml version="1.0" encoding="utf-8"?>
<Project ToolsVersion="4.0" xmlns="http://schemas.microsoft.com/developer/msbuild/2003">
  <ItemGroup>
    <ClCompile Include="main.cpp" />
    <ClCompile Include="Field.cpp">
      <Filter>src</Filter>
    </ClCompile>
    <ClCompile Include="Exceptions.cpp">
      <Filter>src</Filter>
    </ClCompile>
    <ClCompile Include="Player.cpp">
      <Filter>src</Filter>
    </ClCompile>
    <ClCompile Include="Gameplay.cpp">
      <Filter>src</Filter>
    </ClCompile>
    <ClCompile Include="Config.cpp">
      <Filter>src</Filter>
    </ClCompile>
  </ItemGroup>
  <ItemGroup>
    <Filter Include="src">
      <UniqueIdentifier>{38f67814-cfef-4091-b4fa-5e24680bd17b}</UniqueIdentifier>
    </Filter>
    <Filter Include="headers">
      <UniqueIdentifier>{2898e3c5-3afc-41aa-bbdd-de3fb6cc08d3}</UniqueIdentifier>
    </Filter>
  </ItemGroup>
  <ItemGroup>
    <ClInclude Include="Field.h">
      <Filter>headers</Filter>
    </ClInclude>
    <ClInclude Include="Exceptions.h">
      <Filter>headers</Filter>
    </ClInclude>
    <ClInclude Include="Player.h">
      <Filter>headers</Filter>
    </ClInclude>
    <ClInclude Include="Gameplay.h">
      <Filter>headers</Filter>
    </ClInclude>
    <ClInclude Include="Config.h">
      <Filter>headers</Filter>
    </ClInclude>
  </ItemGroup>
</Project>